
Microsoft Visual Studio Solution File, Format Version 12.00
# Visual Studio 14
VisualStudioVersion = 14.0.25123.0
MinimumVisualStudioVersion = 10.0.40219.1
Project("{2150E333-8FDC-42A3-9474-1A3956D46DE8}") = "src", "src", "{38E13D8B-BC5C-4722-AD3F-3E9213443CDB}"
EndProject
Project("{2150E333-8FDC-42A3-9474-1A3956D46DE8}") = "Solution Items", "Solution Items", "{93B83B60-5AE9-428C-A625-94C6461CA633}"
	ProjectSection(SolutionItems) = preProject
		global.json = global.json
	EndProjectSection
EndProject
Project("{8BB2217D-0F2D-49D1-97BC-3654ED321F3B}") = "KindCMS", "src\KindCMS\KindCMS.xproj", "{8A35F1DF-5967-429D-85F0-1E987711BFDB}"
EndProject
Global
	GlobalSection(SolutionConfigurationPlatforms) = preSolution
		Debug|Any CPU = Debug|Any CPU
		Release|Any CPU = Release|Any CPU
	EndGlobalSection
	GlobalSection(ProjectConfigurationPlatforms) = postSolution
		{8A35F1DF-5967-429D-85F0-1E987711BFDB}.Debug|Any CPU.ActiveCfg = Debug|Any CPU
		{8A35F1DF-5967-429D-85F0-1E987711BFDB}.Debug|Any CPU.Build.0 = Debug|Any CPU
		{8A35F1DF-5967-429D-85F0-1E987711BFDB}.Release|Any CPU.ActiveCfg = Release|Any CPU
		{8A35F1DF-5967-429D-85F0-1E987711BFDB}.Release|Any CPU.Build.0 = Release|Any CPU
	EndGlobalSection
	GlobalSection(SolutionProperties) = preSolution
		HideSolutionNode = FALSE
	EndGlobalSection
	GlobalSection(NestedProjects) = preSolution
		{8A35F1DF-5967-429D-85F0-1E987711BFDB} = {38E13D8B-BC5C-4722-AD3F-3E9213443CDB}
	EndGlobalSection
EndGlobal
